
Microsoft Visual Studio Solution File, Format Version 12.00
# Visual Studio Version 17
VisualStudioVersion = 17.0.31903.59
MinimumVisualStudioVersion = 10.0.40219.1
Project("{FAE04EC0-301F-11D3-BF4B-00C04F79EFBC}") = "UnifyNuget", "src\UnifyNuget\UnifyNuget.csproj", "{1B3758A2-BAB8-4C37-B714-E2D11E02B17E}"
EndProject
Project("{2150E333-8FDC-42A3-9474-1A3956D46DE8}") = "SolutionFolder", "SolutionFolder", "{781EBB64-87F8-46BB-A893-AB078FF825F9}"
	ProjectSection(SolutionItems) = preProject
		README.md = README.md
		.gitignore = .gitignore
	EndProjectSection
EndProject
Global
	GlobalSection(SolutionConfigurationPlatforms) = preSolution
		Debug|Any CPU = Debug|Any CPU
		Release|Any CPU = Release|Any CPU
	EndGlobalSection
	GlobalSection(SolutionProperties) = preSolution
		HideSolutionNode = FALSE
	EndGlobalSection
	GlobalSection(ProjectConfigurationPlatforms) = postSolution
		{1B3758A2-BAB8-4C37-B714-E2D11E02B17E}.Debug|Any CPU.ActiveCfg = Debug|Any CPU
		{1B3758A2-BAB8-4C37-B714-E2D11E02B17E}.Debug|Any CPU.Build.0 = Debug|Any CPU
		{1B3758A2-BAB8-4C37-B714-E2D11E02B17E}.Release|Any CPU.ActiveCfg = Release|Any CPU
		{1B3758A2-BAB8-4C37-B714-E2D11E02B17E}.Release|Any CPU.Build.0 = Release|Any CPU
		{5CD1D474-C7BE-4792-92AD-A40B5D8FBB14}.Debug|Any CPU.ActiveCfg = Debug|Any CPU
		{5CD1D474-C7BE-4792-92AD-A40B5D8FBB14}.Debug|Any CPU.Build.0 = Debug|Any CPU
		{5CD1D474-C7BE-4792-92AD-A40B5D8FBB14}.Release|Any CPU.ActiveCfg = Release|Any CPU
		{5CD1D474-C7BE-4792-92AD-A40B5D8FBB14}.Release|Any CPU.Build.0 = Release|Any CPU
	EndGlobalSection
EndGlobal
